
Microsoft Visual Studio Solution File, Format Version 12.00
# Visual Studio Version 17
VisualStudioVersion = 17.0.31903.59
MinimumVisualStudioVersion = 10.0.40219.1
Project("{2150E333-8FDC-42A3-9474-1A3956D46DE8}") = "src", "src", "{B4C68BC1-722B-4069-9E4D-7E7FB04FA20A}"
	ProjectSection(SolutionItems) = preProject
		src\TODO = src\TODO
	EndProjectSection
EndProject
Project("{2150E333-8FDC-42A3-9474-1A3956D46DE8}") = "tests", "tests", "{CE774A12-53F2-4F94-ADFA-96E36863AED4}"
EndProject
Project("{FAE04EC0-301F-11D3-BF4B-00C04F79EFBC}") = "Ast", "src\Ast\Ast.csproj", "{5C497F2E-5882-47AA-BAFA-3BA6A033A51A}"
EndProject
Project("{FAE04EC0-301F-11D3-BF4B-00C04F79EFBC}") = "CompilerLexer", "src\CompilerLexer\CompilerLexer.csproj", "{92C03D03-5146-46EA-A5B5-B3C01453EDAC}"
EndProject
Project("{FAE04EC0-301F-11D3-BF4B-00C04F79EFBC}") = "CompilerParser", "src\CompilerParser\CompilerParser.csproj", "{6D0D5960-2F17-4B55-A3EC-A09DE90F3DD5}"
EndProject
Project("{FAE04EC0-301F-11D3-BF4B-00C04F79EFBC}") = "Runtime", "src\Runtime\Runtime.csproj", "{65D3B8BC-8076-4248-AD3F-27A72D284F11}"
EndProject
Project("{FAE04EC0-301F-11D3-BF4B-00C04F79EFBC}") = "CompilerLexer.UnitTests", "tests\CompilerLexer.UnitTests\CompilerLexer.UnitTests.csproj", "{0D73925A-6026-42B1-BBFE-19CC9D919F96}"
EndProject
Project("{FAE04EC0-301F-11D3-BF4B-00C04F79EFBC}") = "MsilBackend", "src\MsilBackend\MsilBackend.csproj", "{24252701-ECA2-472F-95ED-D54F6843951A}"
EndProject
Project("{FAE04EC0-301F-11D3-BF4B-00C04F79EFBC}") = "MsilCodegen", "src\MsilCodegen\MsilCodegen.csproj", "{AED5126B-B297-4A84-AE5B-AB89E189AB79}"
EndProject
Project("{FAE04EC0-301F-11D3-BF4B-00C04F79EFBC}") = "Compiler", "src\Compiler\Compiler.csproj", "{208BE1D2-2E3F-49AB-9F1B-A86647C4CD38}"
EndProject
Project("{FAE04EC0-301F-11D3-BF4B-00C04F79EFBC}") = "Compiler.Specs", "tests\Compiler.Specs\Compiler.Specs.csproj", "{976A99BE-BFB9-4A64-87D1-F3DBF9851905}"
EndProject
Project("{FAE04EC0-301F-11D3-BF4B-00C04F79EFBC}") = "TestLibrary", "tests\TestLibrary\TestLibrary.csproj", "{32EBF519-CAFC-4327-9EE6-151296A7CFA1}"
EndProject
Global
	GlobalSection(SolutionConfigurationPlatforms) = preSolution
		Debug|Any CPU = Debug|Any CPU
		Release|Any CPU = Release|Any CPU
	EndGlobalSection
	GlobalSection(SolutionProperties) = preSolution
		HideSolutionNode = FALSE
	EndGlobalSection
	GlobalSection(ProjectConfigurationPlatforms) = postSolution
		{5C497F2E-5882-47AA-BAFA-3BA6A033A51A}.Debug|Any CPU.ActiveCfg = Debug|Any CPU
		{5C497F2E-5882-47AA-BAFA-3BA6A033A51A}.Debug|Any CPU.Build.0 = Debug|Any CPU
		{5C497F2E-5882-47AA-BAFA-3BA6A033A51A}.Release|Any CPU.ActiveCfg = Release|Any CPU
		{5C497F2E-5882-47AA-BAFA-3BA6A033A51A}.Release|Any CPU.Build.0 = Release|Any CPU
		{92C03D03-5146-46EA-A5B5-B3C01453EDAC}.Debug|Any CPU.ActiveCfg = Debug|Any CPU
		{92C03D03-5146-46EA-A5B5-B3C01453EDAC}.Debug|Any CPU.Build.0 = Debug|Any CPU
		{92C03D03-5146-46EA-A5B5-B3C01453EDAC}.Release|Any CPU.ActiveCfg = Release|Any CPU
		{92C03D03-5146-46EA-A5B5-B3C01453EDAC}.Release|Any CPU.Build.0 = Release|Any CPU
		{6D0D5960-2F17-4B55-A3EC-A09DE90F3DD5}.Debug|Any CPU.ActiveCfg = Debug|Any CPU
		{6D0D5960-2F17-4B55-A3EC-A09DE90F3DD5}.Debug|Any CPU.Build.0 = Debug|Any CPU
		{6D0D5960-2F17-4B55-A3EC-A09DE90F3DD5}.Release|Any CPU.ActiveCfg = Release|Any CPU
		{6D0D5960-2F17-4B55-A3EC-A09DE90F3DD5}.Release|Any CPU.Build.0 = Release|Any CPU
		{65D3B8BC-8076-4248-AD3F-27A72D284F11}.Debug|Any CPU.ActiveCfg = Debug|Any CPU
		{65D3B8BC-8076-4248-AD3F-27A72D284F11}.Debug|Any CPU.Build.0 = Debug|Any CPU
		{65D3B8BC-8076-4248-AD3F-27A72D284F11}.Release|Any CPU.ActiveCfg = Release|Any CPU
		{65D3B8BC-8076-4248-AD3F-27A72D284F11}.Release|Any CPU.Build.0 = Release|Any CPU
		{0D73925A-6026-42B1-BBFE-19CC9D919F96}.Debug|Any CPU.ActiveCfg = Debug|Any CPU
		{0D73925A-6026-42B1-BBFE-19CC9D919F96}.Debug|Any CPU.Build.0 = Debug|Any CPU
		{0D73925A-6026-42B1-BBFE-19CC9D919F96}.Release|Any CPU.ActiveCfg = Release|Any CPU
		{0D73925A-6026-42B1-BBFE-19CC9D919F96}.Release|Any CPU.Build.0 = Release|Any CPU
		{24252701-ECA2-472F-95ED-D54F6843951A}.Debug|Any CPU.ActiveCfg = Debug|Any CPU
		{24252701-ECA2-472F-95ED-D54F6843951A}.Debug|Any CPU.Build.0 = Debug|Any CPU
		{24252701-ECA2-472F-95ED-D54F6843951A}.Release|Any CPU.ActiveCfg = Release|Any CPU
		{24252701-ECA2-472F-95ED-D54F6843951A}.Release|Any CPU.Build.0 = Release|Any CPU
		{AED5126B-B297-4A84-AE5B-AB89E189AB79}.Debug|Any CPU.ActiveCfg = Debug|Any CPU
		{AED5126B-B297-4A84-AE5B-AB89E189AB79}.Debug|Any CPU.Build.0 = Debug|Any CPU
		{AED5126B-B297-4A84-AE5B-AB89E189AB79}.Release|Any CPU.ActiveCfg = Release|Any CPU
		{AED5126B-B297-4A84-AE5B-AB89E189AB79}.Release|Any CPU.Build.0 = Release|Any CPU
		{208BE1D2-2E3F-49AB-9F1B-A86647C4CD38}.Debug|Any CPU.ActiveCfg = Debug|Any CPU
		{208BE1D2-2E3F-49AB-9F1B-A86647C4CD38}.Debug|Any CPU.Build.0 = Debug|Any CPU
		{208BE1D2-2E3F-49AB-9F1B-A86647C4CD38}.Release|Any CPU.ActiveCfg = Release|Any CPU
		{208BE1D2-2E3F-49AB-9F1B-A86647C4CD38}.Release|Any CPU.Build.0 = Release|Any CPU
		{976A99BE-BFB9-4A64-87D1-F3DBF9851905}.Debug|Any CPU.ActiveCfg = Debug|Any CPU
		{976A99BE-BFB9-4A64-87D1-F3DBF9851905}.Debug|Any CPU.Build.0 = Debug|Any CPU
		{976A99BE-BFB9-4A64-87D1-F3DBF9851905}.Release|Any CPU.ActiveCfg = Release|Any CPU
		{976A99BE-BFB9-4A64-87D1-F3DBF9851905}.Release|Any CPU.Build.0 = Release|Any CPU
		{32EBF519-CAFC-4327-9EE6-151296A7CFA1}.Debug|Any CPU.ActiveCfg = Debug|Any CPU
		{32EBF519-CAFC-4327-9EE6-151296A7CFA1}.Debug|Any CPU.Build.0 = Debug|Any CPU
		{32EBF519-CAFC-4327-9EE6-151296A7CFA1}.Release|Any CPU.ActiveCfg = Release|Any CPU
		{32EBF519-CAFC-4327-9EE6-151296A7CFA1}.Release|Any CPU.Build.0 = Release|Any CPU
	EndGlobalSection
	GlobalSection(NestedProjects) = preSolution
		{5C497F2E-5882-47AA-BAFA-3BA6A033A51A} = {B4C68BC1-722B-4069-9E4D-7E7FB04FA20A}
		{92C03D03-5146-46EA-A5B5-B3C01453EDAC} = {B4C68BC1-722B-4069-9E4D-7E7FB04FA20A}
		{6D0D5960-2F17-4B55-A3EC-A09DE90F3DD5} = {B4C68BC1-722B-4069-9E4D-7E7FB04FA20A}
		{65D3B8BC-8076-4248-AD3F-27A72D284F11} = {B4C68BC1-722B-4069-9E4D-7E7FB04FA20A}
		{0D73925A-6026-42B1-BBFE-19CC9D919F96} = {CE774A12-53F2-4F94-ADFA-96E36863AED4}
		{24252701-ECA2-472F-95ED-D54F6843951A} = {B4C68BC1-722B-4069-9E4D-7E7FB04FA20A}
		{AED5126B-B297-4A84-AE5B-AB89E189AB79} = {B4C68BC1-722B-4069-9E4D-7E7FB04FA20A}
		{208BE1D2-2E3F-49AB-9F1B-A86647C4CD38} = {B4C68BC1-722B-4069-9E4D-7E7FB04FA20A}
		{976A99BE-BFB9-4A64-87D1-F3DBF9851905} = {CE774A12-53F2-4F94-ADFA-96E36863AED4}
		{32EBF519-CAFC-4327-9EE6-151296A7CFA1} = {CE774A12-53F2-4F94-ADFA-96E36863AED4}
	EndGlobalSection
EndGlobal
